
Microsoft Visual Studio Solution File, Format Version 12.00
# Visual Studio Version 17
VisualStudioVersion = 17.9.34728.123
MinimumVisualStudioVersion = 10.0.40219.1
Project("{FAE04EC0-301F-11D3-BF4B-00C04F79EFBC}") = "Core 3", "Core 3\Core 3.csproj", "{0D310C01-8AC1-4A6C-B54C-D0758F217CBA}"
EndProject
Global
	GlobalSection(SolutionConfigurationPlatforms) = preSolution
		Debug|Any CPU = Debug|Any CPU
		Release|Any CPU = Release|Any CPU
	EndGlobalSection
	GlobalSection(ProjectConfigurationPlatforms) = postSolution
		{0D310C01-8AC1-4A6C-B54C-D0758F217CBA}.Debug|Any CPU.ActiveCfg = Debug|Any CPU
		{0D310C01-8AC1-4A6C-B54C-D0758F217CBA}.Debug|Any CPU.Build.0 = Debug|Any CPU
		{0D310C01-8AC1-4A6C-B54C-D0758F217CBA}.Release|Any CPU.ActiveCfg = Release|Any CPU
		{0D310C01-8AC1-4A6C-B54C-D0758F217CBA}.Release|Any CPU.Build.0 = Release|Any CPU
	EndGlobalSection
	GlobalSection(SolutionProperties) = preSolution
		HideSolutionNode = FALSE
	EndGlobalSection
	GlobalSection(ExtensibilityGlobals) = postSolution
		SolutionGuid = {DAB12FF2-D5C6-44AA-82A0-8F86F859B573}
	EndGlobalSection
EndGlobal
